
Microsoft Visual Studio Solution File, Format Version 12.00
# Visual Studio Version 16
VisualStudioVersion = 16.0.31729.503
MinimumVisualStudioVersion = 10.0.40219.1
Project("{FAE04EC0-301F-11D3-BF4B-00C04F79EFBC}") = "4Sum", "4Sum\4Sum.csproj", "{59B98A22-48D8-4422-8A5F-9B9DC7B09F88}"
EndProject
Global
	GlobalSection(SolutionConfigurationPlatforms) = preSolution
		Debug|Any CPU = Debug|Any CPU
		Release|Any CPU = Release|Any CPU
	EndGlobalSection
	GlobalSection(ProjectConfigurationPlatforms) = postSolution
		{59B98A22-48D8-4422-8A5F-9B9DC7B09F88}.Debug|Any CPU.ActiveCfg = Debug|Any CPU
		{59B98A22-48D8-4422-8A5F-9B9DC7B09F88}.Debug|Any CPU.Build.0 = Debug|Any CPU
		{59B98A22-48D8-4422-8A5F-9B9DC7B09F88}.Release|Any CPU.ActiveCfg = Release|Any CPU
		{59B98A22-48D8-4422-8A5F-9B9DC7B09F88}.Release|Any CPU.Build.0 = Release|Any CPU
	EndGlobalSection
	GlobalSection(SolutionProperties) = preSolution
		HideSolutionNode = FALSE
	EndGlobalSection
	GlobalSection(ExtensibilityGlobals) = postSolution
		SolutionGuid = {353785AC-7721-43FA-AEEA-F77734BEA506}
	EndGlobalSection
EndGlobal
